
Microsoft Visual Studio Solution File, Format Version 12.00
# Visual Studio Version 17
VisualStudioVersion = 17.13.35931.197
MinimumVisualStudioVersion = 10.0.40219.1
Project("{FAE04EC0-301F-11D3-BF4B-00C04F79EFBC}") = "Puppeteer", "Puppeteer\Puppeteer.csproj", "{C9239B5A-AD37-7CD3-2B10-68639C66C925}"
EndProject
Project("{FAE04EC0-301F-11D3-BF4B-00C04F79EFBC}") = "Choreography", "Choreography\Choreography.csproj", "{E0589081-1063-4544-A619-D4FFE268141F}"
EndProject
Project("{FAE04EC0-301F-11D3-BF4B-00C04F79EFBC}") = "PuppeteerCli", "PuppeteerCli\PuppeteerCli.csproj", "{CE533805-8CFE-44C8-852A-EF92C210F56A}"
EndProject
Global
	GlobalSection(SolutionConfigurationPlatforms) = preSolution
		Debug|Any CPU = Debug|Any CPU
		Debug|x64 = Debug|x64
		Debug|x86 = Debug|x86
		Release|Any CPU = Release|Any CPU
		Release|x64 = Release|x64
		Release|x86 = Release|x86
	EndGlobalSection
	GlobalSection(ProjectConfigurationPlatforms) = postSolution
		{C9239B5A-AD37-7CD3-2B10-68639C66C925}.Debug|Any CPU.ActiveCfg = Debug|Any CPU
		{C9239B5A-AD37-7CD3-2B10-68639C66C925}.Debug|Any CPU.Build.0 = Debug|Any CPU
		{C9239B5A-AD37-7CD3-2B10-68639C66C925}.Debug|x64.ActiveCfg = Debug|Any CPU
		{C9239B5A-AD37-7CD3-2B10-68639C66C925}.Debug|x64.Build.0 = Debug|Any CPU
		{C9239B5A-AD37-7CD3-2B10-68639C66C925}.Debug|x86.ActiveCfg = Debug|Any CPU
		{C9239B5A-AD37-7CD3-2B10-68639C66C925}.Debug|x86.Build.0 = Debug|Any CPU
		{C9239B5A-AD37-7CD3-2B10-68639C66C925}.Release|Any CPU.ActiveCfg = Release|Any CPU
		{C9239B5A-AD37-7CD3-2B10-68639C66C925}.Release|Any CPU.Build.0 = Release|Any CPU
		{C9239B5A-AD37-7CD3-2B10-68639C66C925}.Release|x64.ActiveCfg = Release|Any CPU
		{C9239B5A-AD37-7CD3-2B10-68639C66C925}.Release|x64.Build.0 = Release|Any CPU
		{C9239B5A-AD37-7CD3-2B10-68639C66C925}.Release|x86.ActiveCfg = Release|Any CPU
		{C9239B5A-AD37-7CD3-2B10-68639C66C925}.Release|x86.Build.0 = Release|Any CPU
		{E0589081-1063-4544-A619-D4FFE268141F}.Debug|Any CPU.ActiveCfg = Debug|Any CPU
		{E0589081-1063-4544-A619-D4FFE268141F}.Debug|Any CPU.Build.0 = Debug|Any CPU
		{E0589081-1063-4544-A619-D4FFE268141F}.Debug|x64.ActiveCfg = Debug|Any CPU
		{E0589081-1063-4544-A619-D4FFE268141F}.Debug|x64.Build.0 = Debug|Any CPU
		{E0589081-1063-4544-A619-D4FFE268141F}.Debug|x86.ActiveCfg = Debug|Any CPU
		{E0589081-1063-4544-A619-D4FFE268141F}.Debug|x86.Build.0 = Debug|Any CPU
		{E0589081-1063-4544-A619-D4FFE268141F}.Release|Any CPU.ActiveCfg = Release|Any CPU
		{E0589081-1063-4544-A619-D4FFE268141F}.Release|Any CPU.Build.0 = Release|Any CPU
		{E0589081-1063-4544-A619-D4FFE268141F}.Release|x64.ActiveCfg = Release|Any CPU
		{E0589081-1063-4544-A619-D4FFE268141F}.Release|x64.Build.0 = Release|Any CPU
		{E0589081-1063-4544-A619-D4FFE268141F}.Release|x86.ActiveCfg = Release|Any CPU
		{E0589081-1063-4544-A619-D4FFE268141F}.Release|x86.Build.0 = Release|Any CPU
		{CE533805-8CFE-44C8-852A-EF92C210F56A}.Debug|Any CPU.ActiveCfg = Debug|Any CPU
		{CE533805-8CFE-44C8-852A-EF92C210F56A}.Debug|Any CPU.Build.0 = Debug|Any CPU
		{CE533805-8CFE-44C8-852A-EF92C210F56A}.Debug|x64.ActiveCfg = Debug|Any CPU
		{CE533805-8CFE-44C8-852A-EF92C210F56A}.Debug|x64.Build.0 = Debug|Any CPU
		{CE533805-8CFE-44C8-852A-EF92C210F56A}.Debug|x86.ActiveCfg = Debug|Any CPU
		{CE533805-8CFE-44C8-852A-EF92C210F56A}.Debug|x86.Build.0 = Debug|Any CPU
		{CE533805-8CFE-44C8-852A-EF92C210F56A}.Release|Any CPU.ActiveCfg = Release|Any CPU
		{CE533805-8CFE-44C8-852A-EF92C210F56A}.Release|Any CPU.Build.0 = Release|Any CPU
		{CE533805-8CFE-44C8-852A-EF92C210F56A}.Release|x64.ActiveCfg = Release|Any CPU
		{CE533805-8CFE-44C8-852A-EF92C210F56A}.Release|x64.Build.0 = Release|Any CPU
		{CE533805-8CFE-44C8-852A-EF92C210F56A}.Release|x86.ActiveCfg = Release|Any CPU
		{CE533805-8CFE-44C8-852A-EF92C210F56A}.Release|x86.Build.0 = Release|Any CPU
	EndGlobalSection
	GlobalSection(SolutionProperties) = preSolution
		HideSolutionNode = FALSE
	EndGlobalSection
	GlobalSection(ExtensibilityGlobals) = postSolution
		SolutionGuid = {7A3F9C8E-2D4B-4E5F-8C7A-1B2D3E4F5A6B}
	EndGlobalSection
EndGlobal
